# This file is autogenerated, do not edit; changes may be undone by the next 'dep ensure'.


[[projects]]
  name = "github.com/go-stack/stack"
  packages = ["."]
  revision = "7a2f19628aabfe68f0766b59e74d6315f8347d22"
  version = "v1.5.3"

[[projects]]
  name = "github.com/inconshreveable/log15"
  packages = [".","term"]
  revision = "39bacc234bf1afd0b68573e95b45871f67ba2cd4"

[[projects]]
  name = "github.com/mattn/go-colorable"
  packages = ["."]
  revision = "ded68f7a9561c023e790de24279db7ebf473ea80"

[[projects]]
  name = "github.com/mattn/go-isatty"
  packages = ["."]
  revision = "fc9e8d8ef48496124e79ae0df75490096eccf6fe"
  version = "v0.0.2"

[[projects]]
  branch = "master"
  name = "github.com/ryanuber/go-glob"
  packages = ["."]
  revision = "256dc444b735e061061cf46c809487313d5b0065"

[[projects]]
  name = "golang.org/x/sys"
  packages = ["unix"]
  revision = "f845067cf72a21fb4929b0e6a35273bd83b56396"

[[projects]]
  name = "gopkg.in/yaml.v2"
  packages = ["."]
  revision = "cd8b52f8269e0feb286dfeef29f8fe4d5b397e0b"

[solve-meta]
  analyzer-name = "dep"
  analyzer-version = 1
  inputs-digest = "f124d4930005c7011e9f9bb06969226489c72a6eb307d27bb27f73c2850f8562"
  solver-name = "gps-cdcl"
  solver-version = 1
